// !$*UTF8*$!
{
	archiveVersion = 1;
	classes = {
	};
	objectVersion = 77;
	objects = {

/* Begin PBXBuildFile section */
		8F4583232DFACFD500E2F591 /* Alamofire in Frameworks */ = {isa = PBXBuildFile; productRef = 8F4583222DFACFD500E2F591 /* Alamofire */; };
		8F4583262DFAD07100E2F591 /* SDWebImage in Frameworks */ = {isa = PBXBuildFile; productRef = 8F4583252DFAD07100E2F591 /* SDWebImage */; };
		8F4583292DFAD09500E2F591 /* SnapKit in Frameworks */ = {isa = PBXBuildFile; productRef = 8F4583282DFAD09500E2F591 /* SnapKit */; };
/* End PBXBuildFile section */

/* Begin PBXContainerItemProxy section */
		8F3D7E2B2DF85FE3002EC1B8 /* PBXContainerItemProxy */ = {
			isa = PBXContainerItemProxy;
			containerPortal = 8F3D7E132DF85FE2002EC1B8 /* Project object */;
			proxyType = 1;
			remoteGlobalIDString = 8F3D7E1A2DF85FE2002EC1B8;
			remoteInfo = MenuReader;
		};
		8F3D7E352DF85FE3002EC1B8 /* PBXContainerItemProxy */ = {
			isa = PBXContainerItemProxy;
			containerPortal = 8F3D7E132DF85FE2002EC1B8 /* Project object */;
			proxyType = 1;
			remoteGlobalIDString = 8F3D7E1A2DF85FE2002EC1B8;
			remoteInfo = MenuReader;
		};
/* End PBXContainerItemProxy section */

/* Begin PBXFileReference section */
		8F3D7E1B2DF85FE2002EC1B8 /* MenuReader.app */ = {isa = PBXFileReference; explicitFileType = wrapper.application; includeInIndex = 0; path = MenuReader.app; sourceTree = BUILT_PRODUCTS_DIR; };
		8F3D7E2A2DF85FE3002EC1B8 /* MenuReaderTests.xctest */ = {isa = PBXFileReference; explicitFileType = wrapper.cfbundle; includeInIndex = 0; path = MenuReaderTests.xctest; sourceTree = BUILT_PRODUCTS_DIR; };
		8F3D7E342DF85FE3002EC1B8 /* MenuReaderUITests.xctest */ = {isa = PBXFileReference; explicitFileType = wrapper.cfbundle; includeInIndex = 0; path = MenuReaderUITests.xctest; sourceTree = BUILT_PRODUCTS_DIR; };
/* End PBXFileReference section */

/* Begin PBXFileSystemSynchronizedBuildFileExceptionSet section */
		8F3D7E482DF92370002EC1B8 /* Exceptions for "MenuReader" folder in "MenuReader" target */ = {
			isa = PBXFileSystemSynchronizedBuildFileExceptionSet;
			membershipExceptions = (
				Info.plist,
			);
			target = 8F3D7E1A2DF85FE2002EC1B8 /* MenuReader */;
		};
/* End PBXFileSystemSynchronizedBuildFileExceptionSet section */

/* Begin PBXFileSystemSynchronizedRootGroup section */
		8F3D7E1D2DF85FE2002EC1B8 /* MenuReader */ = {
			isa = PBXFileSystemSynchronizedRootGroup;
			exceptions = (
				8F3D7E482DF92370002EC1B8 /* Exceptions for "MenuReader" folder in "MenuReader" target */,
			);
			path = MenuReader;
			sourceTree = "<group>";
		};
		8F3D7E2D2DF85FE3002EC1B8 /* MenuReaderTests */ = {
			isa = PBXFileSystemSynchronizedRootGroup;
			path = MenuReaderTests;
			sourceTree = "<group>";
		};
		8F3D7E372DF85FE3002EC1B8 /* MenuReaderUITests */ = {
			isa = PBXFileSystemSynchronizedRootGroup;
			path = MenuReaderUITests;
			sourceTree = "<group>";
		};
/* End PBXFileSystemSynchronizedRootGroup section */

/* Begin PBXFrameworksBuildPhase section */
		8F3D7E182DF85FE2002EC1B8 /* Frameworks */ = {
			isa = PBXFrameworksBuildPhase;
			buildActionMask = 2147483647;
			files = (
				8F4583292DFAD09500E2F591 /* SnapKit in Frameworks */,
				8F4583262DFAD07100E2F591 /* SDWebImage in Frameworks */,
				8F4583232DFACFD500E2F591 /* Alamofire in Frameworks */,
			);
			runOnlyForDeploymentPostprocessing = 0;
		};
		8F3D7E272DF85FE3002EC1B8 /* Frameworks */ = {
			isa = PBXFrameworksBuildPhase;
			buildActionMask = 2147483647;
			files = (
			);
			runOnlyForDeploymentPostprocessing = 0;
		};
		8F3D7E312DF85FE3002EC1B8 /* Frameworks */ = {
			isa = PBXFrameworksBuildPhase;
			buildActionMask = 2147483647;
			files = (
			);
			runOnlyForDeploymentPostprocessing = 0;
		};
/* End PBXFrameworksBuildPhase section */

/* Begin PBXGroup section */
		8F3D7E122DF85FE2002EC1B8 = {
			isa = PBXGroup;
			children = (
				8F3D7E1D2DF85FE2002EC1B8 /* MenuReader */,
				8F3D7E2D2DF85FE3002EC1B8 /* MenuReaderTests */,
				8F3D7E372DF85FE3002EC1B8 /* MenuReaderUITests */,
				8F3D7E1C2DF85FE2002EC1B8 /* Products */,
			);
			sourceTree = "<group>";
		};
		8F3D7E1C2DF85FE2002EC1B8 /* Products */ = {
			isa = PBXGroup;
			children = (
				8F3D7E1B2DF85FE2002EC1B8 /* MenuReader.app */,
				8F3D7E2A2DF85FE3002EC1B8 /* MenuReaderTests.xctest */,
				8F3D7E342DF85FE3002EC1B8 /* MenuReaderUITests.xctest */,
			);
			name = Products;
			sourceTree = "<group>";
		};
/* End PBXGroup section */

/* Begin PBXNativeTarget section */
		8F3D7E1A2DF85FE2002EC1B8 /* MenuReader */ = {
			isa = PBXNativeTarget;
			buildConfigurationList = 8F3D7E3E2DF85FE3002EC1B8 /* Build configuration list for PBXNativeTarget "MenuReader" */;
			buildPhases = (
				8F3D7E172DF85FE2002EC1B8 /* Sources */,
				8F3D7E182DF85FE2002EC1B8 /* Frameworks */,
				8F3D7E192DF85FE2002EC1B8 /* Resources */,
			);
			buildRules = (
			);
			dependencies = (
			);
			fileSystemSynchronizedGroups = (
				8F3D7E1D2DF85FE2002EC1B8 /* MenuReader */,
			);
			name = MenuReader;
			packageProductDependencies = (
				8F4583222DFACFD500E2F591 /* Alamofire */,
				8F4583252DFAD07100E2F591 /* SDWebImage */,
				8F4583282DFAD09500E2F591 /* SnapKit */,
			);
			productName = MenuReader;
			productReference = 8F3D7E1B2DF85FE2002EC1B8 /* MenuReader.app */;
			productType = "com.apple.product-type.application";
		};
		8F3D7E292DF85FE3002EC1B8 /* MenuReaderTests */ = {
			isa = PBXNativeTarget;
			buildConfigurationList = 8F3D7E412DF85FE3002EC1B8 /* Build configuration list for PBXNativeTarget "MenuReaderTests" */;
			buildPhases = (
				8F3D7E262DF85FE3002EC1B8 /* Sources */,
				8F3D7E272DF85FE3002EC1B8 /* Frameworks */,
				8F3D7E282DF85FE3002EC1B8 /* Resources */,
			);
			buildRules = (
			);
			dependencies = (
				8F3D7E2C2DF85FE3002EC1B8 /* PBXTargetDependency */,
			);
			fileSystemSynchronizedGroups = (
				8F3D7E2D2DF85FE3002EC1B8 /* MenuReaderTests */,
			);
			name = MenuReaderTests;
			packageProductDependencies = (
			);
			productName = MenuReaderTests;
			productReference = 8F3D7E2A2DF85FE3002EC1B8 /* MenuReaderTests.xctest */;
			productType = "com.apple.product-type.bundle.unit-test";
		};
		8F3D7E332DF85FE3002EC1B8 /* MenuReaderUITests */ = {
			isa = PBXNativeTarget;
			buildConfigurationList = 8F3D7E442DF85FE3002EC1B8 /* Build configuration list for PBXNativeTarget "MenuReaderUITests" */;
			buildPhases = (
				8F3D7E302DF85FE3002EC1B8 /* Sources */,
				8F3D7E312DF85FE3002EC1B8 /* Frameworks */,
				8F3D7E322DF85FE3002EC1B8 /* Resources */,
			);
			buildRules = (
			);
			dependencies = (
				8F3D7E362DF85FE3002EC1B8 /* PBXTargetDependency */,
			);
			fileSystemSynchronizedGroups = (
				8F3D7E372DF85FE3002EC1B8 /* MenuReaderUITests */,
			);
			name = MenuReaderUITests;
			packageProductDependencies = (
			);
			productName = MenuReaderUITests;
			productReference = 8F3D7E342DF85FE3002EC1B8 /* MenuReaderUITests.xctest */;
			productType = "com.apple.product-type.bundle.ui-testing";
		};
/* End PBXNativeTarget section */

/* Begin PBXProject section */
		8F3D7E132DF85FE2002EC1B8 /* Project object */ = {
			isa = PBXProject;
			attributes = {
				BuildIndependentTargetsInParallel = 1;
				LastSwiftUpdateCheck = 1630;
				LastUpgradeCheck = 1640;
				TargetAttributes = {
					8F3D7E1A2DF85FE2002EC1B8 = {
						CreatedOnToolsVersion = 16.3;
					};
					8F3D7E292DF85FE3002EC1B8 = {
						CreatedOnToolsVersion = 16.3;
						TestTargetID = 8F3D7E1A2DF85FE2002EC1B8;
					};
					8F3D7E332DF85FE3002EC1B8 = {
						CreatedOnToolsVersion = 16.3;
						TestTargetID = 8F3D7E1A2DF85FE2002EC1B8;
					};
				};
			};
			buildConfigurationList = 8F3D7E162DF85FE2002EC1B8 /* Build configuration list for PBXProject "MenuReader" */;
			developmentRegion = en;
			hasScannedForEncodings = 0;
			knownRegions = (
				en,
				Base,
				es,
				fr,
				de,
				it,
				ja,
				"pt-PT",
				nl,
				"zh-Hans",
			);
			mainGroup = 8F3D7E122DF85FE2002EC1B8;
			minimizedProjectReferenceProxies = 1;
			packageReferences = (
				8F4583212DFACFD500E2F591 /* XCRemoteSwiftPackageReference "Alamofire" */,
				8F4583242DFAD07100E2F591 /* XCRemoteSwiftPackageReference "SDWebImage" */,
				8F4583272DFAD09500E2F591 /* XCRemoteSwiftPackageReference "SnapKit" */,
			);
			preferredProjectObjectVersion = 77;
			productRefGroup = 8F3D7E1C2DF85FE2002EC1B8 /* Products */;
			projectDirPath = "";
			projectRoot = "";
			targets = (
				8F3D7E1A2DF85FE2002EC1B8 /* MenuReader */,
				8F3D7E292DF85FE3002EC1B8 /* MenuReaderTests */,
				8F3D7E332DF85FE3002EC1B8 /* MenuReaderUITests */,
			);
		};
/* End PBXProject section */

/* Begin PBXResourcesBuildPhase section */
		8F3D7E192DF85FE2002EC1B8 /* Resources */ = {
			isa = PBXResourcesBuildPhase;
			buildActionMask = 2147483647;
			files = (
			);
			runOnlyForDeploymentPostprocessing = 0;
		};
		8F3D7E282DF85FE3002EC1B8 /* Resources */ = {
			isa = PBXResourcesBuildPhase;
			buildActionMask = 2147483647;
			files = (
			);
			runOnlyForDeploymentPostprocessing = 0;
		};
		8F3D7E322DF85FE3002EC1B8 /* Resources */ = {
			isa = PBXResourcesBuildPhase;
			buildActionMask = 2147483647;
			files = (
			);
			runOnlyForDeploymentPostprocessing = 0;
		};
/* End PBXResourcesBuildPhase section */

/* Begin PBXSourcesBuildPhase section */
		8F3D7E172DF85FE2002EC1B8 /* Sources */ = {
			isa = PBXSourcesBuildPhase;
			buildActionMask = 2147483647;
			files = (
			);
			runOnlyForDeploymentPostprocessing = 0;
		};
		8F3D7E262DF85FE3002EC1B8 /* Sources */ = {
			isa = PBXSourcesBuildPhase;
			buildActionMask = 2147483647;
			files = (
			);
			runOnlyForDeploymentPostprocessing = 0;
		};
		8F3D7E302DF85FE3002EC1B8 /* Sources */ = {
			isa = PBXSourcesBuildPhase;
			buildActionMask = 2147483647;
			files = (
			);
			runOnlyForDeploymentPostprocessing = 0;
		};
/* End PBXSourcesBuildPhase section */

/* Begin PBXTargetDependency section */
		8F3D7E2C2DF85FE3002EC1B8 /* PBXTargetDependency */ = {
			isa = PBXTargetDependency;
			target = 8F3D7E1A2DF85FE2002EC1B8 /* MenuReader */;
			targetProxy = 8F3D7E2B2DF85FE3002EC1B8 /* PBXContainerItemProxy */;
		};
		8F3D7E362DF85FE3002EC1B8 /* PBXTargetDependency */ = {
			isa = PBXTargetDependency;
			target = 8F3D7E1A2DF85FE2002EC1B8 /* MenuReader */;
			targetProxy = 8F3D7E352DF85FE3002EC1B8 /* PBXContainerItemProxy */;
		};
/* End PBXTargetDependency section */

/* Begin XCBuildConfiguration section */
		8F3D7E3C2DF85FE3002EC1B8 /* Debug */ = {
			isa = XCBuildConfiguration;
			buildSettings = {
				ALWAYS_SEARCH_USER_PATHS = NO;
				ASSETCATALOG_COMPILER_GENERATE_SWIFT_ASSET_SYMBOL_EXTENSIONS = YES;
				CLANG_ANALYZER_LOCALIZABILITY_NONLOCALIZED = YES;
				CLANG_ANALYZER_NONNULL = YES;
				CLANG_ANALYZER_NUMBER_OBJECT_CONVERSION = YES_AGGRESSIVE;
				CLANG_CXX_LANGUAGE_STANDARD = "gnu++20";
				CLANG_ENABLE_MODULES = YES;
				CLANG_ENABLE_OBJC_ARC = YES;
				CLANG_ENABLE_OBJC_WEAK = YES;
				CLANG_WARN_BLOCK_CAPTURE_AUTORELEASING = YES;
				CLANG_WARN_BOOL_CONVERSION = YES;
				CLANG_WARN_COMMA = YES;
				CLANG_WARN_CONSTANT_CONVERSION = YES;
				CLANG_WARN_DEPRECATED_OBJC_IMPLEMENTATIONS = YES;
				CLANG_WARN_DIRECT_OBJC_ISA_USAGE = YES_ERROR;
				CLANG_WARN_DOCUMENTATION_COMMENTS = YES;
				CLANG_WARN_EMPTY_BODY = YES;
				CLANG_WARN_ENUM_CONVERSION = YES;
				CLANG_WARN_INFINITE_RECURSION = YES;
				CLANG_WARN_INT_CONVERSION = YES;
				CLANG_WARN_NON_LITERAL_NULL_CONVERSION = YES;
				CLANG_WARN_OBJC_IMPLICIT_RETAIN_SELF = YES;
				CLANG_WARN_OBJC_LITERAL_CONVERSION = YES;
				CLANG_WARN_OBJC_ROOT_CLASS = YES_ERROR;
				CLANG_WARN_QUOTED_INCLUDE_IN_FRAMEWORK_HEADER = YES;
				CLANG_WARN_RANGE_LOOP_ANALYSIS = YES;
				CLANG_WARN_STRICT_PROTOTYPES = YES;
				CLANG_WARN_SUSPICIOUS_MOVE = YES;
				CLANG_WARN_UNGUARDED_AVAILABILITY = YES_AGGRESSIVE;
				CLANG_WARN_UNREACHABLE_CODE = YES;
				CLANG_WARN__DUPLICATE_METHOD_MATCH = YES;
				COPY_PHASE_STRIP = NO;
				DEBUG_INFORMATION_FORMAT = dwarf;
				ENABLE_STRICT_OBJC_MSGSEND = YES;
				ENABLE_TESTABILITY = YES;
				ENABLE_USER_SCRIPT_SANDBOXING = YES;
				GCC_C_LANGUAGE_STANDARD = gnu17;
				GCC_DYNAMIC_NO_PIC = NO;
				GCC_NO_COMMON_BLOCKS = YES;
				GCC_OPTIMIZATION_LEVEL = 0;
				GCC_PREPROCESSOR_DEFINITIONS = (
					"DEBUG=1",
					"$(inherited)",
				);
				GCC_WARN_64_TO_32_BIT_CONVERSION = YES;
				GCC_WARN_ABOUT_RETURN_TYPE = YES_ERROR;
				GCC_WARN_UNDECLARED_SELECTOR = YES;
				GCC_WARN_UNINITIALIZED_AUTOS = YES_AGGRESSIVE;
				GCC_WARN_UNUSED_FUNCTION = YES;
				GCC_WARN_UNUSED_VARIABLE = YES;
				IPHONEOS_DEPLOYMENT_TARGET = 18.4;
				LOCALIZATION_PREFERS_STRING_CATALOGS = YES;
				MTL_ENABLE_DEBUG_INFO = INCLUDE_SOURCE;
				MTL_FAST_MATH = YES;
				ONLY_ACTIVE_ARCH = YES;
				SDKROOT = iphoneos;
				SWIFT_ACTIVE_COMPILATION_CONDITIONS = "DEBUG $(inherited)";
				SWIFT_OPTIMIZATION_LEVEL = "-Onone";
				SWIFT_VERSION = 6.0;
			};
			name = Debug;
		};
		8F3D7E3D2DF85FE3002EC1B8 /* Release */ = {
			isa = XCBuildConfiguration;
			buildSettings = {
				ALWAYS_SEARCH_USER_PATHS = NO;
				ASSETCATALOG_COMPILER_GENERATE_SWIFT_ASSET_SYMBOL_EXTENSIONS = YES;
				CLANG_ANALYZER_LOCALIZABILITY_NONLOCALIZED = YES;
				CLANG_ANALYZER_NONNULL = YES;
				CLANG_ANALYZER_NUMBER_OBJECT_CONVERSION = YES_AGGRESSIVE;
				CLANG_CXX_LANGUAGE_STANDARD = "gnu++20";
				CLANG_ENABLE_MODULES = YES;
				CLANG_ENABLE_OBJC_ARC = YES;
				CLANG_ENABLE_OBJC_WEAK = YES;
				CLANG_WARN_BLOCK_CAPTURE_AUTORELEASING = YES;
				CLANG_WARN_BOOL_CONVERSION = YES;
				CLANG_WARN_COMMA = YES;
				CLANG_WARN_CONSTANT_CONVERSION = YES;
				CLANG_WARN_DEPRECATED_OBJC_IMPLEMENTATIONS = YES;
				CLANG_WARN_DIRECT_OBJC_ISA_USAGE = YES_ERROR;
				CLANG_WARN_DOCUMENTATION_COMMENTS = YES;
				CLANG_WARN_EMPTY_BODY = YES;
				CLANG_WARN_ENUM_CONVERSION = YES;
				CLANG_WARN_INFINITE_RECURSION = YES;
				CLANG_WARN_INT_CONVERSION = YES;
				CLANG_WARN_NON_LITERAL_NULL_CONVERSION = YES;
				CLANG_WARN_OBJC_IMPLICIT_RETAIN_SELF = YES;
				CLANG_WARN_OBJC_LITERAL_CONVERSION = YES;
				CLANG_WARN_OBJC_ROOT_CLASS = YES_ERROR;
				CLANG_WARN_QUOTED_INCLUDE_IN_FRAMEWORK_HEADER = YES;
				CLANG_WARN_RANGE_LOOP_ANALYSIS = YES;
				CLANG_WARN_STRICT_PROTOTYPES = YES;
				CLANG_WARN_SUSPICIOUS_MOVE = YES;
				CLANG_WARN_UNGUARDED_AVAILABILITY = YES_AGGRESSIVE;
				CLANG_WARN_UNREACHABLE_CODE = YES;
				CLANG_WARN__DUPLICATE_METHOD_MATCH = YES;
				COPY_PHASE_STRIP = NO;
				DEBUG_INFORMATION_FORMAT = "dwarf-with-dsym";
				ENABLE_NS_ASSERTIONS = NO;
				ENABLE_STRICT_OBJC_MSGSEND = YES;
				ENABLE_USER_SCRIPT_SANDBOXING = YES;
				GCC_C_LANGUAGE_STANDARD = gnu17;
				GCC_NO_COMMON_BLOCKS = YES;
				GCC_WARN_64_TO_32_BIT_CONVERSION = YES;
				GCC_WARN_ABOUT_RETURN_TYPE = YES_ERROR;
				GCC_WARN_UNDECLARED_SELECTOR = YES;
				GCC_WARN_UNINITIALIZED_AUTOS = YES_AGGRESSIVE;
				GCC_WARN_UNUSED_FUNCTION = YES;
				GCC_WARN_UNUSED_VARIABLE = YES;
				IPHONEOS_DEPLOYMENT_TARGET = 18.4;
				LOCALIZATION_PREFERS_STRING_CATALOGS = YES;
				MTL_ENABLE_DEBUG_INFO = NO;
				MTL_FAST_MATH = YES;
				SDKROOT = iphoneos;
				SWIFT_COMPILATION_MODE = wholemodule;
				SWIFT_VERSION = 6.0;
				VALIDATE_PRODUCT = YES;
			};
			name = Release;
		};
		8F3D7E3F2DF85FE3002EC1B8 /* Debug */ = {
			isa = XCBuildConfiguration;
			buildSettings = {
				ASSETCATALOG_COMPILER_APPICON_NAME = AppIcon;
				ASSETCATALOG_COMPILER_GLOBAL_ACCENT_COLOR_NAME = AccentColor;
				CODE_SIGN_IDENTITY = "Apple Development";
				CODE_SIGN_STYLE = Automatic;
				CURRENT_PROJECT_VERSION = 1;
				DEVELOPMENT_TEAM = 3PCA35YJ2P;
				ENABLE_PREVIEWS = YES;
				GENERATE_INFOPLIST_FILE = YES;
				INFOPLIST_FILE = MenuReader/Info.plist;
				INFOPLIST_KEY_LSApplicationCategoryType = "";
				INFOPLIST_KEY_NSCameraUsageDescription = "MenuReader需要访问相机来拍摄餐厅菜单照片";
				INFOPLIST_KEY_NSPhotoLibraryUsageDescription = "MenuReader需要访问照片库来选择菜单图片";
				INFOPLIST_KEY_UIApplicationSceneManifest_Generation = YES;
				INFOPLIST_KEY_UIApplicationSupportsIndirectInputEvents = YES;
				INFOPLIST_KEY_UILaunchScreen_Generation = YES;
				INFOPLIST_KEY_UISupportedInterfaceOrientations_iPad = "UIInterfaceOrientationPortrait UIInterfaceOrientationPortraitUpsideDown UIInterfaceOrientationLandscapeLeft UIInterfaceOrientationLandscapeRight";
				INFOPLIST_KEY_UISupportedInterfaceOrientations_iPhone = "UIInterfaceOrientationPortrait UIInterfaceOrientationLandscapeLeft UIInterfaceOrientationLandscapeRight";
				IPHONEOS_DEPLOYMENT_TARGET = 16.6;
				LD_RUNPATH_SEARCH_PATHS = (
					"$(inherited)",
					"@executable_path/Frameworks",
				);
				MARKETING_VERSION = 1.0;
				PRODUCT_BUNDLE_IDENTIFIER = io.github.HumphreyYeung.MenuReader;
				PRODUCT_NAME = "$(TARGET_NAME)";
				PROVISIONING_PROFILE_SPECIFIER = "";
				SUPPORTED_PLATFORMS = "iphoneos iphonesimulator";
				SUPPORTS_MACCATALYST = NO;
				SUPPORTS_MAC_DESIGNED_FOR_IPHONE_IPAD = NO;
				SUPPORTS_XR_DESIGNED_FOR_IPHONE_IPAD = NO;
				SWIFT_EMIT_LOC_STRINGS = YES;
				SWIFT_VERSION = 6.0;
				TARGETED_DEVICE_FAMILY = 1;
			};
			name = Debug;
		};
		8F3D7E402DF85FE3002EC1B8 /* Release */ = {
			isa = XCBuildConfiguration;
			buildSettings = {
				ASSETCATALOG_COMPILER_APPICON_NAME = AppIcon;
				ASSETCATALOG_COMPILER_GLOBAL_ACCENT_COLOR_NAME = AccentColor;
				CODE_SIGN_IDENTITY = "Apple Development";
				CODE_SIGN_STYLE = Automatic;
				CURRENT_PROJECT_VERSION = 1;
				DEVELOPMENT_TEAM = 3PCA35YJ2P;
				ENABLE_PREVIEWS = YES;
				GENERATE_INFOPLIST_FILE = YES;
				INFOPLIST_FILE = MenuReader/Info.plist;
				INFOPLIST_KEY_LSApplicationCategoryType = "";
				INFOPLIST_KEY_NSCameraUsageDescription = "MenuReader需要访问相机来拍摄餐厅菜单照片";
				INFOPLIST_KEY_NSPhotoLibraryUsageDescription = "MenuReader需要访问照片库来选择菜单图片";
				INFOPLIST_KEY_UIApplicationSceneManifest_Generation = YES;
				INFOPLIST_KEY_UIApplicationSupportsIndirectInputEvents = YES;
				INFOPLIST_KEY_UILaunchScreen_Generation = YES;
				INFOPLIST_KEY_UISupportedInterfaceOrientations_iPad = "UIInterfaceOrientationPortrait UIInterfaceOrientationPortraitUpsideDown UIInterfaceOrientationLandscapeLeft UIInterfaceOrientationLandscapeRight";
				INFOPLIST_KEY_UISupportedInterfaceOrientations_iPhone = "UIInterfaceOrientationPortrait UIInterfaceOrientationLandscapeLeft UIInterfaceOrientationLandscapeRight";
				IPHONEOS_DEPLOYMENT_TARGET = 16.6;
				LD_RUNPATH_SEARCH_PATHS = (
					"$(inherited)",
					"@executable_path/Frameworks",
				);
				MARKETING_VERSION = 1.0;
				PRODUCT_BUNDLE_IDENTIFIER = io.github.HumphreyYeung.MenuReader;
				PRODUCT_NAME = "$(TARGET_NAME)";
				PROVISIONING_PROFILE_SPECIFIER = "";
				SUPPORTED_PLATFORMS = "iphoneos iphonesimulator";
				SUPPORTS_MACCATALYST = NO;
				SUPPORTS_MAC_DESIGNED_FOR_IPHONE_IPAD = NO;
				SUPPORTS_XR_DESIGNED_FOR_IPHONE_IPAD = NO;
				SWIFT_EMIT_LOC_STRINGS = YES;
				SWIFT_VERSION = 6.0;
				TARGETED_DEVICE_FAMILY = 1;
			};
			name = Release;
		};
		8F3D7E422DF85FE3002EC1B8 /* Debug */ = {
			isa = XCBuildConfiguration;
			buildSettings = {
				BUNDLE_LOADER = "$(TEST_HOST)";
				CODE_SIGN_STYLE = Automatic;
				CURRENT_PROJECT_VERSION = 1;
				GENERATE_INFOPLIST_FILE = YES;
				IPHONEOS_DEPLOYMENT_TARGET = 18.4;
				MARKETING_VERSION = 1.0;
				PRODUCT_BUNDLE_IDENTIFIER = com.MenuReader.MenuReaderTests;
				PRODUCT_NAME = "$(TARGET_NAME)";
				SWIFT_EMIT_LOC_STRINGS = NO;
				SWIFT_VERSION = 6.0;
				TARGETED_DEVICE_FAMILY = "1,2";
				TEST_HOST = "$(BUILT_PRODUCTS_DIR)/MenuReader.app/$(BUNDLE_EXECUTABLE_FOLDER_PATH)/MenuReader";
			};
			name = Debug;
		};
		8F3D7E432DF85FE3002EC1B8 /* Release */ = {
			isa = XCBuildConfiguration;
			buildSettings = {
				BUNDLE_LOADER = "$(TEST_HOST)";
				CODE_SIGN_STYLE = Automatic;
				CURRENT_PROJECT_VERSION = 1;
				GENERATE_INFOPLIST_FILE = YES;
				IPHONEOS_DEPLOYMENT_TARGET = 18.4;
				MARKETING_VERSION = 1.0;
				PRODUCT_BUNDLE_IDENTIFIER = com.MenuReader.MenuReaderTests;
				PRODUCT_NAME = "$(TARGET_NAME)";
				SWIFT_EMIT_LOC_STRINGS = NO;
				SWIFT_VERSION = 6.0;
				TARGETED_DEVICE_FAMILY = "1,2";
				TEST_HOST = "$(BUILT_PRODUCTS_DIR)/MenuReader.app/$(BUNDLE_EXECUTABLE_FOLDER_PATH)/MenuReader";
			};
			name = Release;
		};
		8F3D7E452DF85FE3002EC1B8 /* Debug */ = {
			isa = XCBuildConfiguration;
			buildSettings = {
				CODE_SIGN_STYLE = Automatic;
				CURRENT_PROJECT_VERSION = 1;
				GENERATE_INFOPLIST_FILE = YES;
				MARKETING_VERSION = 1.0;
				PRODUCT_BUNDLE_IDENTIFIER = com.MenuReader.MenuReaderUITests;
				PRODUCT_NAME = "$(TARGET_NAME)";
				SWIFT_EMIT_LOC_STRINGS = NO;
				SWIFT_VERSION = 6.0;
				TARGETED_DEVICE_FAMILY = "1,2";
				TEST_TARGET_NAME = MenuReader;
			};
			name = Debug;
		};
		8F3D7E462DF85FE3002EC1B8 /* Release */ = {
			isa = XCBuildConfiguration;
			buildSettings = {
				CODE_SIGN_STYLE = Automatic;
				CURRENT_PROJECT_VERSION = 1;
				GENERATE_INFOPLIST_FILE = YES;
				MARKETING_VERSION = 1.0;
				PRODUCT_BUNDLE_IDENTIFIER = com.MenuReader.MenuReaderUITests;
				PRODUCT_NAME = "$(TARGET_NAME)";
				SWIFT_EMIT_LOC_STRINGS = NO;
				SWIFT_VERSION = 6.0;
				TARGETED_DEVICE_FAMILY = "1,2";
				TEST_TARGET_NAME = MenuReader;
			};
			name = Release;
		};
/* End XCBuildConfiguration section */

/* Begin XCConfigurationList section */
		8F3D7E162DF85FE2002EC1B8 /* Build configuration list for PBXProject "MenuReader" */ = {
			isa = XCConfigurationList;
			buildConfigurations = (
				8F3D7E3C2DF85FE3002EC1B8 /* Debug */,
				8F3D7E3D2DF85FE3002EC1B8 /* Release */,
			);
			defaultConfigurationIsVisible = 0;
			defaultConfigurationName = Release;
		};
		8F3D7E3E2DF85FE3002EC1B8 /* Build configuration list for PBXNativeTarget "MenuReader" */ = {
			isa = XCConfigurationList;
			buildConfigurations = (
				8F3D7E3F2DF85FE3002EC1B8 /* Debug */,
				8F3D7E402DF85FE3002EC1B8 /* Release */,
			);
			defaultConfigurationIsVisible = 0;
			defaultConfigurationName = Release;
		};
		8F3D7E412DF85FE3002EC1B8 /* Build configuration list for PBXNativeTarget "MenuReaderTests" */ = {
			isa = XCConfigurationList;
			buildConfigurations = (
				8F3D7E422DF85FE3002EC1B8 /* Debug */,
				8F3D7E432DF85FE3002EC1B8 /* Release */,
			);
			defaultConfigurationIsVisible = 0;
			defaultConfigurationName = Release;
		};
		8F3D7E442DF85FE3002EC1B8 /* Build configuration list for PBXNativeTarget "MenuReaderUITests" */ = {
			isa = XCConfigurationList;
			buildConfigurations = (
				8F3D7E452DF85FE3002EC1B8 /* Debug */,
				8F3D7E462DF85FE3002EC1B8 /* Release */,
			);
			defaultConfigurationIsVisible = 0;
			defaultConfigurationName = Release;
		};
/* End XCConfigurationList section */

/* Begin XCRemoteSwiftPackageReference section */
		8F4583212DFACFD500E2F591 /* XCRemoteSwiftPackageReference "Alamofire" */ = {
			isa = XCRemoteSwiftPackageReference;
			repositoryURL = "https://github.com/Alamofire/Alamofire.git";
			requirement = {
				kind = upToNextMajorVersion;
				minimumVersion = 5.10.2;
			};
		};
		8F4583242DFAD07100E2F591 /* XCRemoteSwiftPackageReference "SDWebImage" */ = {
			isa = XCRemoteSwiftPackageReference;
			repositoryURL = "https://github.com/SDWebImage/SDWebImage.git";
			requirement = {
				kind = upToNextMajorVersion;
				minimumVersion = 5.21.1;
			};
		};
		8F4583272DFAD09500E2F591 /* XCRemoteSwiftPackageReference "SnapKit" */ = {
			isa = XCRemoteSwiftPackageReference;
			repositoryURL = "https://github.com/SnapKit/SnapKit.git";
			requirement = {
				kind = upToNextMajorVersion;
				minimumVersion = 5.7.1;
			};
		};
/* End XCRemoteSwiftPackageReference section */

/* Begin XCSwiftPackageProductDependency section */
		8F4583222DFACFD500E2F591 /* Alamofire */ = {
			isa = XCSwiftPackageProductDependency;
			package = 8F4583212DFACFD500E2F591 /* XCRemoteSwiftPackageReference "Alamofire" */;
			productName = Alamofire;
		};
		8F4583252DFAD07100E2F591 /* SDWebImage */ = {
			isa = XCSwiftPackageProductDependency;
			package = 8F4583242DFAD07100E2F591 /* XCRemoteSwiftPackageReference "SDWebImage" */;
			productName = SDWebImage;
		};
		8F4583282DFAD09500E2F591 /* SnapKit */ = {
			isa = XCSwiftPackageProductDependency;
			package = 8F4583272DFAD09500E2F591 /* XCRemoteSwiftPackageReference "SnapKit" */;
			productName = SnapKit;
		};
/* End XCSwiftPackageProductDependency section */
	};
	rootObject = 8F3D7E132DF85FE2002EC1B8 /* Project object */;
}
